// !$*UTF8*$!
{
	archiveVersion = 1;
	classes = {
	};
	objectVersion = 77;
	objects = {

/* Begin PBXBuildFile section */
		908DA02F2FCE44580079C254 /* ClerkKit in Frameworks */ = {isa = PBXBuildFile; productRef = 908DA02E2FCE44580079C254 /* ClerkKit */; };
		908DA0312FCE44580079C254 /* ClerkKitUI in Frameworks */ = {isa = PBXBuildFile; productRef = 908DA0302FCE44580079C254 /* ClerkKitUI */; };
/* End PBXBuildFile section */

/* Begin PBXContainerItemProxy section */
		908DA0562FCE60060079C254 /* PBXContainerItemProxy */ = {
			isa = PBXContainerItemProxy;
			containerPortal = 908DA0172FCE43350079C254 /* Project object */;
			proxyType = 1;
			remoteGlobalIDString = 908DA01E2FCE43350079C254;
			remoteInfo = Flashycardy;
		};
		908DA0752FCE70000079C254 /* PBXContainerItemProxy */ = {
			isa = PBXContainerItemProxy;
			containerPortal = 908DA0172FCE43350079C254 /* Project object */;
			proxyType = 1;
			remoteGlobalIDString = 908DA01E2FCE43350079C254;
			remoteInfo = Flashycardy;
		};
/* End PBXContainerItemProxy section */

/* Begin PBXFileReference section */
		908DA01F2FCE43350079C254 /* Flashycardy.app */ = {isa = PBXFileReference; explicitFileType = wrapper.application; includeInIndex = 0; path = Flashycardy.app; sourceTree = BUILT_PRODUCTS_DIR; };
		908DA0422FCE50000079C254 /* ../Config/Debug.xcconfig */ = {isa = PBXFileReference; lastKnownFileType = text.xcconfig; path = ../Config/Debug.xcconfig; sourceTree = "<group>"; };
		908DA0432FCE50010079C254 /* ../Config/Release.xcconfig */ = {isa = PBXFileReference; lastKnownFileType = text.xcconfig; path = ../Config/Release.xcconfig; sourceTree = "<group>"; };
		908DA0502FCE60000079C254 /* FlashycardyTests.xctest */ = {isa = PBXFileReference; explicitFileType = wrapper.cfbundle; includeInIndex = 0; path = FlashycardyTests.xctest; sourceTree = BUILT_PRODUCTS_DIR; };
		908DA0702FCE70000079C254 /* FlashycardyUITests.xctest */ = {isa = PBXFileReference; explicitFileType = wrapper.cfbundle; includeInIndex = 0; path = FlashycardyUITests.xctest; sourceTree = BUILT_PRODUCTS_DIR; };
/* End PBXFileReference section */

/* Begin PBXFileSystemSynchronizedBuildFileExceptionSet section */
		908DA0442FCE51000079C254 /* Exceptions for "Flashycardy" folder in "Flashycardy" target */ = {
			isa = PBXFileSystemSynchronizedBuildFileExceptionSet;
			membershipExceptions = (
				Info.plist,
			);
			target = 908DA01E2FCE43350079C254 /* Flashycardy */;
		};
/* End PBXFileSystemSynchronizedBuildFileExceptionSet section */

/* Begin PBXFileSystemSynchronizedRootGroup section */
		908DA0212FCE43350079C254 /* Flashycardy */ = {
			isa = PBXFileSystemSynchronizedRootGroup;
			exceptions = (
				908DA0442FCE51000079C254 /* Exceptions for "Flashycardy" folder in "Flashycardy" target */,
			);
			path = Flashycardy;
			sourceTree = "<group>";
		};
		908DA0512FCE60010079C254 /* FlashycardyTests */ = {
			isa = PBXFileSystemSynchronizedRootGroup;
			path = FlashycardyTests;
			sourceTree = "<group>";
		};
		908DA0712FCE70010079C254 /* FlashycardyUITests */ = {
			isa = PBXFileSystemSynchronizedRootGroup;
			path = FlashycardyUITests;
			sourceTree = "<group>";
		};
/* End PBXFileSystemSynchronizedRootGroup section */

/* Begin PBXFrameworksBuildPhase section */
		908DA01C2FCE43350079C254 /* Frameworks */ = {
			isa = PBXFrameworksBuildPhase;
			buildActionMask = 2147483647;
			files = (
				908DA02F2FCE44580079C254 /* ClerkKit in Frameworks */,
				908DA0312FCE44580079C254 /* ClerkKitUI in Frameworks */,
			);
			runOnlyForDeploymentPostprocessing = 0;
		};
		908DA0542FCE60040079C254 /* Frameworks */ = {
			isa = PBXFrameworksBuildPhase;
			buildActionMask = 2147483647;
			files = (
			);
			runOnlyForDeploymentPostprocessing = 0;
		};
		908DA0742FCE70040079C254 /* Frameworks */ = {
			isa = PBXFrameworksBuildPhase;
			buildActionMask = 2147483647;
			files = (
			);
			runOnlyForDeploymentPostprocessing = 0;
		};
/* End PBXFrameworksBuildPhase section */

/* Begin PBXGroup section */
		908DA0162FCE43350079C254 = {
			isa = PBXGroup;
			children = (
				908DA0212FCE43350079C254 /* Flashycardy */,
				908DA0512FCE60010079C254 /* FlashycardyTests */,
				908DA0712FCE70010079C254 /* FlashycardyUITests */,
				908DA0422FCE50000079C254 /* ../Config/Debug.xcconfig */,
				908DA0432FCE50010079C254 /* ../Config/Release.xcconfig */,
				908DA0202FCE43350079C254 /* Products */,
			);
			sourceTree = "<group>";
		};
		908DA0202FCE43350079C254 /* Products */ = {
			isa = PBXGroup;
			children = (
				908DA01F2FCE43350079C254 /* Flashycardy.app */,
				908DA0502FCE60000079C254 /* FlashycardyTests.xctest */,
				908DA0702FCE70000079C254 /* FlashycardyUITests.xctest */,
			);
			name = Products;
			sourceTree = "<group>";
		};
/* End PBXGroup section */

/* Begin PBXNativeTarget section */
		908DA01E2FCE43350079C254 /* Flashycardy */ = {
			isa = PBXNativeTarget;
			buildConfigurationList = 908DA02A2FCE43360079C254 /* Build configuration list for PBXNativeTarget "Flashycardy" */;
			buildPhases = (
				908DA01B2FCE43350079C254 /* Sources */,
				908DA01C2FCE43350079C254 /* Frameworks */,
				908DA01D2FCE43350079C254 /* Resources */,
			);
			buildRules = (
			);
			dependencies = (
			);
			fileSystemSynchronizedGroups = (
				908DA0212FCE43350079C254 /* Flashycardy */,
			);
			name = Flashycardy;
			packageProductDependencies = (
				908DA02E2FCE44580079C254 /* ClerkKit */,
				908DA0302FCE44580079C254 /* ClerkKitUI */,
			);
			productName = Flashycardy;
			productReference = 908DA01F2FCE43350079C254 /* Flashycardy.app */;
			productType = "com.apple.product-type.application";
		};
		908DA0522FCE60020079C254 /* FlashycardyTests */ = {
			isa = PBXNativeTarget;
			buildConfigurationList = 908DA0572FCE60070079C254 /* Build configuration list for PBXNativeTarget "FlashycardyTests" */;
			buildPhases = (
				908DA0532FCE60030079C254 /* Sources */,
				908DA0542FCE60040079C254 /* Frameworks */,
			);
			buildRules = (
			);
			dependencies = (
				908DA0552FCE60050079C254 /* PBXTargetDependency */,
			);
			fileSystemSynchronizedGroups = (
				908DA0512FCE60010079C254 /* FlashycardyTests */,
			);
			name = FlashycardyTests;
			productName = FlashycardyTests;
			productReference = 908DA0502FCE60000079C254 /* FlashycardyTests.xctest */;
			productType = "com.apple.product-type.bundle.unit-test";
		};
		908DA0722FCE70020079C254 /* FlashycardyUITests */ = {
			isa = PBXNativeTarget;
			buildConfigurationList = 908DA0792FCE70070079C254 /* Build configuration list for PBXNativeTarget "FlashycardyUITests" */;
			buildPhases = (
				908DA0732FCE70030079C254 /* Sources */,
				908DA0742FCE70040079C254 /* Frameworks */,
			);
			buildRules = (
			);
			dependencies = (
				908DA0762FCE70050079C254 /* PBXTargetDependency */,
			);
			fileSystemSynchronizedGroups = (
				908DA0712FCE70010079C254 /* FlashycardyUITests */,
			);
			name = FlashycardyUITests;
			productName = FlashycardyUITests;
			productReference = 908DA0702FCE70000079C254 /* FlashycardyUITests.xctest */;
			productType = "com.apple.product-type.bundle.ui-testing";
		};
/* End PBXNativeTarget section */

/* Begin PBXProject section */
		908DA0172FCE43350079C254 /* Project object */ = {
			isa = PBXProject;
			attributes = {
				BuildIndependentTargetsInParallel = 1;
				LastSwiftUpdateCheck = 2650;
				LastUpgradeCheck = 2650;
				TargetAttributes = {
					908DA01E2FCE43350079C254 = {
						CreatedOnToolsVersion = 26.5;
					};
					908DA0522FCE60020079C254 = {
						CreatedOnToolsVersion = 26.5;
						TestTargetID = 908DA01E2FCE43350079C254;
					};
					908DA0722FCE70020079C254 = {
						CreatedOnToolsVersion = 26.5;
						TestTargetID = 908DA01E2FCE43350079C254;
					};
				};
			};
			buildConfigurationList = 908DA01A2FCE43350079C254 /* Build configuration list for PBXProject "Flashycardy" */;
			developmentRegion = en;
			hasScannedForEncodings = 0;
			knownRegions = (
				en,
				Base,
			);
			mainGroup = 908DA0162FCE43350079C254;
			minimizedProjectReferenceProxies = 1;
			packageReferences = (
				908DA02D2FCE44580079C254 /* XCRemoteSwiftPackageReference "clerk-ios" */,
			);
			preferredProjectObjectVersion = 77;
			productRefGroup = 908DA0202FCE43350079C254 /* Products */;
			projectDirPath = "";
			projectRoot = "";
			targets = (
				908DA01E2FCE43350079C254 /* Flashycardy */,
				908DA0522FCE60020079C254 /* FlashycardyTests */,
				908DA0722FCE70020079C254 /* FlashycardyUITests */,
			);
		};
/* End PBXProject section */

/* Begin PBXResourcesBuildPhase section */
		908DA01D2FCE43350079C254 /* Resources */ = {
			isa = PBXResourcesBuildPhase;
			buildActionMask = 2147483647;
			files = (
			);
			runOnlyForDeploymentPostprocessing = 0;
		};
/* End PBXResourcesBuildPhase section */

/* Begin PBXSourcesBuildPhase section */
		908DA01B2FCE43350079C254 /* Sources */ = {
			isa = PBXSourcesBuildPhase;
			buildActionMask = 2147483647;
			files = (
			);
			runOnlyForDeploymentPostprocessing = 0;
		};
		908DA0532FCE60030079C254 /* Sources */ = {
			isa = PBXSourcesBuildPhase;
			buildActionMask = 2147483647;
			files = (
			);
			runOnlyForDeploymentPostprocessing = 0;
		};
		908DA0732FCE70030079C254 /* Sources */ = {
			isa = PBXSourcesBuildPhase;
			buildActionMask = 2147483647;
			files = (
			);
			runOnlyForDeploymentPostprocessing = 0;
		};
/* End PBXSourcesBuildPhase section */

/* Begin PBXTargetDependency section */
		908DA0552FCE60050079C254 /* PBXTargetDependency */ = {
			isa = PBXTargetDependency;
			target = 908DA01E2FCE43350079C254 /* Flashycardy */;
			targetProxy = 908DA0562FCE60060079C254 /* PBXContainerItemProxy */;
		};
		908DA0762FCE70050079C254 /* PBXTargetDependency */ = {
			isa = PBXTargetDependency;
			target = 908DA01E2FCE43350079C254 /* Flashycardy */;
			targetProxy = 908DA0752FCE70000079C254 /* PBXContainerItemProxy */;
		};
/* End PBXTargetDependency section */

/* Begin XCBuildConfiguration section */
		908DA0282FCE43360079C254 /* Debug */ = {
			isa = XCBuildConfiguration;
			baseConfigurationReference = 908DA0422FCE50000079C254 /* ../Config/Debug.xcconfig */;
			buildSettings = {
				ALWAYS_SEARCH_USER_PATHS = NO;
				ASSETCATALOG_COMPILER_GENERATE_SWIFT_ASSET_SYMBOL_EXTENSIONS = YES;
				CLANG_ANALYZER_NONNULL = YES;
				CLANG_ANALYZER_NUMBER_OBJECT_CONVERSION = YES_AGGRESSIVE;
				CLANG_CXX_LANGUAGE_STANDARD = "gnu++20";
				CLANG_ENABLE_MODULES = YES;
				CLANG_ENABLE_OBJC_ARC = YES;
				CLANG_ENABLE_OBJC_WEAK = YES;
				CLANG_WARN_BLOCK_CAPTURE_AUTORELEASING = YES;
				CLANG_WARN_BOOL_CONVERSION = YES;
				CLANG_WARN_COMMA = YES;
				CLANG_WARN_CONSTANT_CONVERSION = YES;
				CLANG_WARN_DEPRECATED_OBJC_IMPLEMENTATIONS = YES;
				CLANG_WARN_DIRECT_OBJC_ISA_USAGE = YES_ERROR;
				CLANG_WARN_DOCUMENTATION_COMMENTS = YES;
				CLANG_WARN_EMPTY_BODY = YES;
				CLANG_WARN_ENUM_CONVERSION = YES;
				CLANG_WARN_INFINITE_RECURSION = YES;
				CLANG_WARN_INT_CONVERSION = YES;
				CLANG_WARN_NON_LITERAL_NULL_CONVERSION = YES;
				CLANG_WARN_OBJC_IMPLICIT_RETAIN_SELF = YES;
				CLANG_WARN_OBJC_LITERAL_CONVERSION = YES;
				CLANG_WARN_OBJC_ROOT_CLASS = YES_ERROR;
				CLANG_WARN_QUOTED_INCLUDE_IN_FRAMEWORK_HEADER = YES;
				CLANG_WARN_RANGE_LOOP_ANALYSIS = YES;
				CLANG_WARN_STRICT_PROTOTYPES = YES;
				CLANG_WARN_SUSPICIOUS_MOVE = YES;
				CLANG_WARN_UNGUARDED_AVAILABILITY = YES_AGGRESSIVE;
				CLANG_WARN_UNREACHABLE_CODE = YES;
				CLANG_WARN__DUPLICATE_METHOD_MATCH = YES;
				CLERK_FRONTEND_API_HOST = "";
				CLERK_PUBLISHABLE_KEY = "";
				COPY_PHASE_STRIP = NO;
				DEBUG_INFORMATION_FORMAT = dwarf;
				ENABLE_STRICT_OBJC_MSGSEND = YES;
				ENABLE_TESTABILITY = YES;
				ENABLE_USER_SCRIPT_SANDBOXING = YES;
				GCC_C_LANGUAGE_STANDARD = gnu17;
				GCC_DYNAMIC_NO_PIC = NO;
				GCC_NO_COMMON_BLOCKS = YES;
				GCC_OPTIMIZATION_LEVEL = 0;
				GCC_PREPROCESSOR_DEFINITIONS = (
					"DEBUG=1",
					"$(inherited)",
				);
				GCC_WARN_64_TO_32_BIT_CONVERSION = YES;
				GCC_WARN_ABOUT_RETURN_TYPE = YES_ERROR;
				GCC_WARN_UNDECLARED_SELECTOR = YES;
				GCC_WARN_UNINITIALIZED_AUTOS = YES_AGGRESSIVE;
				GCC_WARN_UNUSED_FUNCTION = YES;
				GCC_WARN_UNUSED_VARIABLE = YES;
				IPHONEOS_DEPLOYMENT_TARGET = 17.0;
				LOCALIZATION_PREFERS_STRING_CATALOGS = YES;
				MTL_ENABLE_DEBUG_INFO = INCLUDE_SOURCE;
				MTL_FAST_MATH = YES;
				ONLY_ACTIVE_ARCH = YES;
				SDKROOT = iphoneos;
				SWIFT_ACTIVE_COMPILATION_CONDITIONS = "DEBUG $(inherited)";
				SWIFT_OPTIMIZATION_LEVEL = "-Onone";
			};
			name = Debug;
		};
		908DA0292FCE43360079C254 /* Release */ = {
			isa = XCBuildConfiguration;
			baseConfigurationReference = 908DA0432FCE50010079C254 /* ../Config/Release.xcconfig */;
			buildSettings = {
				ALWAYS_SEARCH_USER_PATHS = NO;
				ASSETCATALOG_COMPILER_GENERATE_SWIFT_ASSET_SYMBOL_EXTENSIONS = YES;
				CLANG_ANALYZER_NONNULL = YES;
				CLANG_ANALYZER_NUMBER_OBJECT_CONVERSION = YES_AGGRESSIVE;
				CLANG_CXX_LANGUAGE_STANDARD = "gnu++20";
				CLANG_ENABLE_MODULES = YES;
				CLANG_ENABLE_OBJC_ARC = YES;
				CLANG_ENABLE_OBJC_WEAK = YES;
				CLANG_WARN_BLOCK_CAPTURE_AUTORELEASING = YES;
				CLANG_WARN_BOOL_CONVERSION = YES;
				CLANG_WARN_COMMA = YES;
				CLANG_WARN_CONSTANT_CONVERSION = YES;
				CLANG_WARN_DEPRECATED_OBJC_IMPLEMENTATIONS = YES;
				CLANG_WARN_DIRECT_OBJC_ISA_USAGE = YES_ERROR;
				CLANG_WARN_DOCUMENTATION_COMMENTS = YES;
				CLANG_WARN_EMPTY_BODY = YES;
				CLANG_WARN_ENUM_CONVERSION = YES;
				CLANG_WARN_INFINITE_RECURSION = YES;
				CLANG_WARN_INT_CONVERSION = YES;
				CLANG_WARN_NON_LITERAL_NULL_CONVERSION = YES;
				CLANG_WARN_OBJC_IMPLICIT_RETAIN_SELF = YES;
				CLANG_WARN_OBJC_LITERAL_CONVERSION = YES;
				CLANG_WARN_OBJC_ROOT_CLASS = YES_ERROR;
				CLANG_WARN_QUOTED_INCLUDE_IN_FRAMEWORK_HEADER = YES;
				CLANG_WARN_RANGE_LOOP_ANALYSIS = YES;
				CLANG_WARN_STRICT_PROTOTYPES = YES;
				CLANG_WARN_SUSPICIOUS_MOVE = YES;
				CLANG_WARN_UNGUARDED_AVAILABILITY = YES_AGGRESSIVE;
				CLANG_WARN_UNREACHABLE_CODE = YES;
				CLANG_WARN__DUPLICATE_METHOD_MATCH = YES;
				CLERK_FRONTEND_API_HOST = "";
				CLERK_PUBLISHABLE_KEY = "";
				COPY_PHASE_STRIP = NO;
				DEBUG_INFORMATION_FORMAT = "dwarf-with-dsym";
				ENABLE_NS_ASSERTIONS = NO;
				ENABLE_STRICT_OBJC_MSGSEND = YES;
				ENABLE_USER_SCRIPT_SANDBOXING = YES;
				GCC_C_LANGUAGE_STANDARD = gnu17;
				GCC_NO_COMMON_BLOCKS = YES;
				GCC_WARN_64_TO_32_BIT_CONVERSION = YES;
				GCC_WARN_ABOUT_RETURN_TYPE = YES_ERROR;
				GCC_WARN_UNDECLARED_SELECTOR = YES;
				GCC_WARN_UNINITIALIZED_AUTOS = YES_AGGRESSIVE;
				GCC_WARN_UNUSED_FUNCTION = YES;
				GCC_WARN_UNUSED_VARIABLE = YES;
				IPHONEOS_DEPLOYMENT_TARGET = 17.0;
				LOCALIZATION_PREFERS_STRING_CATALOGS = YES;
				MTL_ENABLE_DEBUG_INFO = NO;
				MTL_FAST_MATH = YES;
				SDKROOT = iphoneos;
				SWIFT_COMPILATION_MODE = wholemodule;
				VALIDATE_PRODUCT = YES;
			};
			name = Release;
		};
		908DA02B2FCE43360079C254 /* Debug */ = {
			isa = XCBuildConfiguration;
			baseConfigurationReference = 908DA0422FCE50000079C254 /* ../Config/Debug.xcconfig */;
			buildSettings = {
				ASSETCATALOG_COMPILER_APPICON_NAME = AppIcon;
				ASSETCATALOG_COMPILER_GLOBAL_ACCENT_COLOR_NAME = AccentColor;
				CODE_SIGN_ENTITLEMENTS = Flashycardy/Flashycardy.entitlements;
				CODE_SIGN_STYLE = Automatic;
				CURRENT_PROJECT_VERSION = 1;
				DEVELOPMENT_TEAM = 9K638S8SS9;
				ENABLE_PREVIEWS = YES;
				GENERATE_INFOPLIST_FILE = YES;
				INFOPLIST_FILE = Flashycardy/Info.plist;
				INFOPLIST_KEY_UIApplicationSceneManifest_Generation = YES;
				INFOPLIST_KEY_UIApplicationSupportsIndirectInputEvents = YES;
				INFOPLIST_KEY_UILaunchScreen_Generation = YES;
				INFOPLIST_KEY_UISupportedInterfaceOrientations_iPad = "UIInterfaceOrientationPortrait UIInterfaceOrientationPortraitUpsideDown UIInterfaceOrientationLandscapeLeft UIInterfaceOrientationLandscapeRight";
				INFOPLIST_KEY_UISupportedInterfaceOrientations_iPhone = "UIInterfaceOrientationPortrait UIInterfaceOrientationLandscapeLeft UIInterfaceOrientationLandscapeRight";
				INFOPLIST_PREPROCESS = YES;
				IPHONEOS_DEPLOYMENT_TARGET = 17.0;
				LD_RUNPATH_SEARCH_PATHS = (
					"$(inherited)",
					"@executable_path/Frameworks",
				);
				MARKETING_VERSION = 1.0;
				PRODUCT_BUNDLE_IDENTIFIER = local.Flashycardy;
				PRODUCT_NAME = "$(TARGET_NAME)";
				STRING_CATALOG_GENERATE_SYMBOLS = YES;
				SWIFT_APPROACHABLE_CONCURRENCY = YES;
				SWIFT_DEFAULT_ACTOR_ISOLATION = MainActor;
				SWIFT_EMIT_LOC_STRINGS = YES;
				SWIFT_UPCOMING_FEATURE_MEMBER_IMPORT_VISIBILITY = YES;
				SWIFT_VERSION = 5.0;
				TARGETED_DEVICE_FAMILY = "1,2";
			};
			name = Debug;
		};
		908DA02C2FCE43360079C254 /* Release */ = {
			isa = XCBuildConfiguration;
			baseConfigurationReference = 908DA0432FCE50010079C254 /* ../Config/Release.xcconfig */;
			buildSettings = {
				ASSETCATALOG_COMPILER_APPICON_NAME = AppIcon;
				ASSETCATALOG_COMPILER_GLOBAL_ACCENT_COLOR_NAME = AccentColor;
				CODE_SIGN_ENTITLEMENTS = Flashycardy/Flashycardy.entitlements;
				CODE_SIGN_STYLE = Automatic;
				CURRENT_PROJECT_VERSION = 1;
				DEVELOPMENT_TEAM = 9K638S8SS9;
				ENABLE_PREVIEWS = YES;
				GENERATE_INFOPLIST_FILE = YES;
				INFOPLIST_FILE = Flashycardy/Info.plist;
				INFOPLIST_KEY_UIApplicationSceneManifest_Generation = YES;
				INFOPLIST_KEY_UIApplicationSupportsIndirectInputEvents = YES;
				INFOPLIST_KEY_UILaunchScreen_Generation = YES;
				INFOPLIST_KEY_UISupportedInterfaceOrientations_iPad = "UIInterfaceOrientationPortrait UIInterfaceOrientationPortraitUpsideDown UIInterfaceOrientationLandscapeLeft UIInterfaceOrientationLandscapeRight";
				INFOPLIST_KEY_UISupportedInterfaceOrientations_iPhone = "UIInterfaceOrientationPortrait UIInterfaceOrientationLandscapeLeft UIInterfaceOrientationLandscapeRight";
				INFOPLIST_PREPROCESS = YES;
				IPHONEOS_DEPLOYMENT_TARGET = 17.0;
				LD_RUNPATH_SEARCH_PATHS = (
					"$(inherited)",
					"@executable_path/Frameworks",
				);
				MARKETING_VERSION = 1.0;
				PRODUCT_BUNDLE_IDENTIFIER = local.Flashycardy;
				PRODUCT_NAME = "$(TARGET_NAME)";
				STRING_CATALOG_GENERATE_SYMBOLS = YES;
				SWIFT_APPROACHABLE_CONCURRENCY = YES;
				SWIFT_DEFAULT_ACTOR_ISOLATION = MainActor;
				SWIFT_EMIT_LOC_STRINGS = YES;
				SWIFT_UPCOMING_FEATURE_MEMBER_IMPORT_VISIBILITY = YES;
				SWIFT_VERSION = 5.0;
				TARGETED_DEVICE_FAMILY = "1,2";
			};
			name = Release;
		};
		908DA0582FCE60080079C254 /* Debug */ = {
			isa = XCBuildConfiguration;
			baseConfigurationReference = 908DA0422FCE50000079C254 /* ../Config/Debug.xcconfig */;
			buildSettings = {
				BUNDLE_LOADER = "$(TEST_HOST)";
				CODE_SIGN_STYLE = Automatic;
				CURRENT_PROJECT_VERSION = 1;
				DEVELOPMENT_TEAM = 9K638S8SS9;
				GENERATE_INFOPLIST_FILE = YES;
				IPHONEOS_DEPLOYMENT_TARGET = 17.0;
				LD_RUNPATH_SEARCH_PATHS = (
					"$(inherited)",
					"@executable_path/Frameworks",
					"@loader_path/Frameworks",
				);
				MARKETING_VERSION = 1.0;
				PRODUCT_BUNDLE_IDENTIFIER = local.FlashycardyTests;
				PRODUCT_NAME = "$(TARGET_NAME)";
				SWIFT_VERSION = 5.0;
				TARGETED_DEVICE_FAMILY = "1,2";
				TEST_HOST = "$(BUILT_PRODUCTS_DIR)/Flashycardy.app/$(BUNDLE_EXECUTABLE_FOLDER_PATH)/Flashycardy";
			};
			name = Debug;
		};
		908DA0592FCE60090079C254 /* Release */ = {
			isa = XCBuildConfiguration;
			baseConfigurationReference = 908DA0432FCE50010079C254 /* ../Config/Release.xcconfig */;
			buildSettings = {
				BUNDLE_LOADER = "$(TEST_HOST)";
				CODE_SIGN_STYLE = Automatic;
				CURRENT_PROJECT_VERSION = 1;
				DEVELOPMENT_TEAM = 9K638S8SS9;
				GENERATE_INFOPLIST_FILE = YES;
				IPHONEOS_DEPLOYMENT_TARGET = 17.0;
				LD_RUNPATH_SEARCH_PATHS = (
					"$(inherited)",
					"@executable_path/Frameworks",
					"@loader_path/Frameworks",
				);
				MARKETING_VERSION = 1.0;
				PRODUCT_BUNDLE_IDENTIFIER = local.FlashycardyTests;
				PRODUCT_NAME = "$(TARGET_NAME)";
				SWIFT_VERSION = 5.0;
				TARGETED_DEVICE_FAMILY = "1,2";
				TEST_HOST = "$(BUILT_PRODUCTS_DIR)/Flashycardy.app/$(BUNDLE_EXECUTABLE_FOLDER_PATH)/Flashycardy";
			};
			name = Release;
		};
		908DA0772FCE70080079C254 /* Debug */ = {
			isa = XCBuildConfiguration;
			baseConfigurationReference = 908DA0422FCE50000079C254 /* ../Config/Debug.xcconfig */;
			buildSettings = {
				CODE_SIGN_STYLE = Automatic;
				CURRENT_PROJECT_VERSION = 1;
				DEVELOPMENT_TEAM = 9K638S8SS9;
				GENERATE_INFOPLIST_FILE = YES;
				IPHONEOS_DEPLOYMENT_TARGET = 17.0;
				MARKETING_VERSION = 1.0;
				PRODUCT_BUNDLE_IDENTIFIER = local.FlashycardyUITests;
				PRODUCT_NAME = "$(TARGET_NAME)";
				SWIFT_VERSION = 5.0;
				TARGETED_DEVICE_FAMILY = "1,2";
				TEST_TARGET_NAME = Flashycardy;
			};
			name = Debug;
		};
		908DA0782FCE70090079C254 /* Release */ = {
			isa = XCBuildConfiguration;
			baseConfigurationReference = 908DA0432FCE50010079C254 /* ../Config/Release.xcconfig */;
			buildSettings = {
				CODE_SIGN_STYLE = Automatic;
				CURRENT_PROJECT_VERSION = 1;
				DEVELOPMENT_TEAM = 9K638S8SS9;
				GENERATE_INFOPLIST_FILE = YES;
				IPHONEOS_DEPLOYMENT_TARGET = 17.0;
				MARKETING_VERSION = 1.0;
				PRODUCT_BUNDLE_IDENTIFIER = local.FlashycardyUITests;
				PRODUCT_NAME = "$(TARGET_NAME)";
				SWIFT_VERSION = 5.0;
				TARGETED_DEVICE_FAMILY = "1,2";
				TEST_TARGET_NAME = Flashycardy;
			};
			name = Release;
		};
/* End XCBuildConfiguration section */

/* Begin XCConfigurationList section */
		908DA01A2FCE43350079C254 /* Build configuration list for PBXProject "Flashycardy" */ = {
			isa = XCConfigurationList;
			buildConfigurations = (
				908DA0282FCE43360079C254 /* Debug */,
				908DA0292FCE43360079C254 /* Release */,
			);
			defaultConfigurationIsVisible = 0;
			defaultConfigurationName = Release;
		};
		908DA02A2FCE43360079C254 /* Build configuration list for PBXNativeTarget "Flashycardy" */ = {
			isa = XCConfigurationList;
			buildConfigurations = (
				908DA02B2FCE43360079C254 /* Debug */,
				908DA02C2FCE43360079C254 /* Release */,
			);
			defaultConfigurationIsVisible = 0;
			defaultConfigurationName = Release;
		};
		908DA0572FCE60070079C254 /* Build configuration list for PBXNativeTarget "FlashycardyTests" */ = {
			isa = XCConfigurationList;
			buildConfigurations = (
				908DA0582FCE60080079C254 /* Debug */,
				908DA0592FCE60090079C254 /* Release */,
			);
			defaultConfigurationIsVisible = 0;
			defaultConfigurationName = Release;
		};
		908DA0792FCE70070079C254 /* Build configuration list for PBXNativeTarget "FlashycardyUITests" */ = {
			isa = XCConfigurationList;
			buildConfigurations = (
				908DA0772FCE70080079C254 /* Debug */,
				908DA0782FCE70090079C254 /* Release */,
			);
			defaultConfigurationIsVisible = 0;
			defaultConfigurationName = Release;
		};
/* End XCConfigurationList section */

/* Begin XCRemoteSwiftPackageReference section */
		908DA02D2FCE44580079C254 /* XCRemoteSwiftPackageReference "clerk-ios" */ = {
			isa = XCRemoteSwiftPackageReference;
			repositoryURL = "https://github.com/clerk/clerk-ios";
			requirement = {
				kind = upToNextMajorVersion;
				minimumVersion = 1.1.3;
			};
		};
/* End XCRemoteSwiftPackageReference section */

/* Begin XCSwiftPackageProductDependency section */
		908DA02E2FCE44580079C254 /* ClerkKit */ = {
			isa = XCSwiftPackageProductDependency;
			package = 908DA02D2FCE44580079C254 /* XCRemoteSwiftPackageReference "clerk-ios" */;
			productName = ClerkKit;
		};
		908DA0302FCE44580079C254 /* ClerkKitUI */ = {
			isa = XCSwiftPackageProductDependency;
			package = 908DA02D2FCE44580079C254 /* XCRemoteSwiftPackageReference "clerk-ios" */;
			productName = ClerkKitUI;
		};
/* End XCSwiftPackageProductDependency section */
	};
	rootObject = 908DA0172FCE43350079C254 /* Project object */;
}
